
Microsoft Visual Studio Solution File, Format Version 12.00
# Visual Studio 14
VisualStudioVersion = 14.0.25420.1
MinimumVisualStudioVersion = 10.0.40219.1
Project("{FAE04EC0-301F-11D3-BF4B-00C04F79EFBC}") = "FreeDiskWeb", "FreeDisk\FreeDiskWeb.csproj", "{8FD96F88-1C1E-4A75-86C4-487BFA6107A9}"
EndProject
Project("{FAE04EC0-301F-11D3-BF4B-00C04F79EFBC}") = "Services", "Services\Services.csproj", "{51710C5C-FD54-4FDE-AC2F-AD01AE46E098}"
EndProject
Project("{FAE04EC0-301F-11D3-BF4B-00C04F79EFBC}") = "FreeDiskPC", "FreeDiskPC\FreeDiskPC.csproj", "{C3F108D9-2BFB-4202-A7BE-7FE3AE3C3324}"
EndProject
Global
	GlobalSection(SolutionConfigurationPlatforms) = preSolution
		Debug|Any CPU = Debug|Any CPU
		Release|Any CPU = Release|Any CPU
	EndGlobalSection
	GlobalSection(ProjectConfigurationPlatforms) = postSolution
		{8FD96F88-1C1E-4A75-86C4-487BFA6107A9}.Debug|Any CPU.ActiveCfg = Debug|Any CPU
		{8FD96F88-1C1E-4A75-86C4-487BFA6107A9}.Debug|Any CPU.Build.0 = Debug|Any CPU
		{8FD96F88-1C1E-4A75-86C4-487BFA6107A9}.Release|Any CPU.ActiveCfg = Release|Any CPU
		{8FD96F88-1C1E-4A75-86C4-487BFA6107A9}.Release|Any CPU.Build.0 = Release|Any CPU
		{51710C5C-FD54-4FDE-AC2F-AD01AE46E098}.Debug|Any CPU.ActiveCfg = Debug|Any CPU
		{51710C5C-FD54-4FDE-AC2F-AD01AE46E098}.Debug|Any CPU.Build.0 = Debug|Any CPU
		{51710C5C-FD54-4FDE-AC2F-AD01AE46E098}.Release|Any CPU.ActiveCfg = Release|Any CPU
		{51710C5C-FD54-4FDE-AC2F-AD01AE46E098}.Release|Any CPU.Build.0 = Release|Any CPU
		{C3F108D9-2BFB-4202-A7BE-7FE3AE3C3324}.Debug|Any CPU.ActiveCfg = Debug|Any CPU
		{C3F108D9-2BFB-4202-A7BE-7FE3AE3C3324}.Debug|Any CPU.Build.0 = Debug|Any CPU
		{C3F108D9-2BFB-4202-A7BE-7FE3AE3C3324}.Release|Any CPU.ActiveCfg = Release|Any CPU
		{C3F108D9-2BFB-4202-A7BE-7FE3AE3C3324}.Release|Any CPU.Build.0 = Release|Any CPU
	EndGlobalSection
	GlobalSection(SolutionProperties) = preSolution
		HideSolutionNode = FALSE
	EndGlobalSection
EndGlobal
